{
  "name": "audit-ci-tests",
  "version": "1.0.0",
  "lockfileVersion": 3,
  "requires": true,
  "packages": {
    "": {
      "name": "audit-ci-tests",
      "version": "1.0.0",
      "license": "ISC",
      "devDependencies": {
        "postcss-image-set-function": "3.0.1"
      }
    },
    "node_modules/flatten": {
      "version": "1.0.3",
      "dev": true,
      "license": "MIT"
    },
    "node_modules/indexes-of": {
      "version": "1.0.1",
      "dev": true,
      "license": "MIT"
    },
    "node_modules/picocolors": {
      "version": "0.2.1",
      "dev": true,
      "license": "ISC"
    },
    "node_modules/postcss": {
      "version": "7.0.39",
      "dev": true,
      "license": "MIT",
      "dependencies": {
        "picocolors": "^0.2.1",
        "source-map": "^0.6.1"
      },
      "engines": {
        "node": ">=6.0.0"
      },
      "funding": {
        "type": "opencollective",
        "url": "https://opencollective.com/postcss/"
      }
    },
    "node_modules/postcss-image-set-function": {
      "version": "3.0.1",
      "dev": true,
      "license": "CC0-1.0",
      "dependencies": {
        "postcss": "^7.0.2",
        "postcss-values-parser": "^2.0.0"
      },
      "engines": {
        "node": ">=6.0.0"
      }
    },
    "node_modules/postcss-values-parser": {
      "version": "2.0.1",
      "dev": true,
      "license": "MIT",
      "dependencies": {
        "flatten": "^1.0.2",
        "indexes-of": "^1.0.1",
        "uniq": "^1.0.1"
      },
      "engines": {
        "node": ">=6.14.4"
      }
    },
    "node_modules/source-map": {
      "version": "0.5.7",
      "license": "BSD-3-Clause",
      "engines": {
        "node": ">=0.10.0"
      }
    },
    "node_modules/uniq": {
      "version": "1.0.1",
      "dev": true,
      "license": "MIT"
    }
  }
}
